# THIS IS AN AUTOGENERATED FILE. DO NOT EDIT THIS FILE DIRECTLY.
# yarn lockfile v1


greeterjs@^1.0.0:
  version "1.0.0"
  resolved "https://registry.yarnpkg.com/greeterjs/-/greeterjs-1.0.0.tgz#37b17c4dd57e3dd2f4cbeda65ad1758e887e3d90"
  dependencies:
    jquery "^3.2.1"

jquery@^3.2.1:
  version "3.2.1"
  resolved "https://registry.yarnpkg.com/jquery/-/jquery-3.2.1.tgz#5c4d9de652af6cd0a770154a631bba12b015c787"
